
Microsoft Visual Studio Solution File, Format Version 12.00
# Visual Studio Version 17
VisualStudioVersion = 17.11.35327.3
MinimumVisualStudioVersion = 10.0.40219.1
Project("{8BC9CEB8-8B4A-11D0-8D11-00A0C91BC942}") = "2365", "2365\2365.vcxproj", "{568A6179-AED2-403A-AA47-6804B110AE4B}"
EndProject
Global
	GlobalSection(SolutionConfigurationPlatforms) = preSolution
		Debug|x64 = Debug|x64
		Debug|x86 = Debug|x86
		Release|x64 = Release|x64
		Release|x86 = Release|x86
	EndGlobalSection
	GlobalSection(ProjectConfigurationPlatforms) = postSolution
		{568A6179-AED2-403A-AA47-6804B110AE4B}.Debug|x64.ActiveCfg = Debug|x64
		{568A6179-AED2-403A-AA47-6804B110AE4B}.Debug|x64.Build.0 = Debug|x64
		{568A6179-AED2-403A-AA47-6804B110AE4B}.Debug|x86.ActiveCfg = Debug|Win32
		{568A6179-AED2-403A-AA47-6804B110AE4B}.Debug|x86.Build.0 = Debug|Win32
		{568A6179-AED2-403A-AA47-6804B110AE4B}.Release|x64.ActiveCfg = Release|x64
		{568A6179-AED2-403A-AA47-6804B110AE4B}.Release|x64.Build.0 = Release|x64
		{568A6179-AED2-403A-AA47-6804B110AE4B}.Release|x86.ActiveCfg = Release|Win32
		{568A6179-AED2-403A-AA47-6804B110AE4B}.Release|x86.Build.0 = Release|Win32
	EndGlobalSection
	GlobalSection(SolutionProperties) = preSolution
		HideSolutionNode = FALSE
	EndGlobalSection
	GlobalSection(ExtensibilityGlobals) = postSolution
		SolutionGuid = {15A13FF7-C4AC-4879-9682-22A288A3E408}
	EndGlobalSection
EndGlobal
