
Microsoft Visual Studio Solution File, Format Version 12.00
# Visual Studio Version 17
VisualStudioVersion = 17.9.34902.65
MinimumVisualStudioVersion = 10.0.40219.1
Project("{8BC9CEB8-8B4A-11D0-8D11-00A0C91BC942}") = "11000", "11000\11000.vcxproj", "{A51D05F5-650A-4B74-9D27-9C4E5F2AAAFB}"
EndProject
Global
	GlobalSection(SolutionConfigurationPlatforms) = preSolution
		Debug|x64 = Debug|x64
		Debug|x86 = Debug|x86
		Release|x64 = Release|x64
		Release|x86 = Release|x86
	EndGlobalSection
	GlobalSection(ProjectConfigurationPlatforms) = postSolution
		{A51D05F5-650A-4B74-9D27-9C4E5F2AAAFB}.Debug|x64.ActiveCfg = Debug|x64
		{A51D05F5-650A-4B74-9D27-9C4E5F2AAAFB}.Debug|x64.Build.0 = Debug|x64
		{A51D05F5-650A-4B74-9D27-9C4E5F2AAAFB}.Debug|x86.ActiveCfg = Debug|Win32
		{A51D05F5-650A-4B74-9D27-9C4E5F2AAAFB}.Debug|x86.Build.0 = Debug|Win32
		{A51D05F5-650A-4B74-9D27-9C4E5F2AAAFB}.Release|x64.ActiveCfg = Release|x64
		{A51D05F5-650A-4B74-9D27-9C4E5F2AAAFB}.Release|x64.Build.0 = Release|x64
		{A51D05F5-650A-4B74-9D27-9C4E5F2AAAFB}.Release|x86.ActiveCfg = Release|Win32
		{A51D05F5-650A-4B74-9D27-9C4E5F2AAAFB}.Release|x86.Build.0 = Release|Win32
	EndGlobalSection
	GlobalSection(SolutionProperties) = preSolution
		HideSolutionNode = FALSE
	EndGlobalSection
	GlobalSection(ExtensibilityGlobals) = postSolution
		SolutionGuid = {7C0D4D74-6CA7-4B6C-B145-1331F49A397C}
	EndGlobalSection
EndGlobal
