
Microsoft Visual Studio Solution File, Format Version 12.00
# Visual Studio Version 17
VisualStudioVersion = 17.11.35327.3
MinimumVisualStudioVersion = 10.0.40219.1
Project("{8BC9CEB8-8B4A-11D0-8D11-00A0C91BC942}") = "11053", "11053\11053.vcxproj", "{DBB546F4-FE2E-4237-A961-7DC243BC9142}"
EndProject
Global
	GlobalSection(SolutionConfigurationPlatforms) = preSolution
		Debug|x64 = Debug|x64
		Debug|x86 = Debug|x86
		Release|x64 = Release|x64
		Release|x86 = Release|x86
	EndGlobalSection
	GlobalSection(ProjectConfigurationPlatforms) = postSolution
		{DBB546F4-FE2E-4237-A961-7DC243BC9142}.Debug|x64.ActiveCfg = Debug|x64
		{DBB546F4-FE2E-4237-A961-7DC243BC9142}.Debug|x64.Build.0 = Debug|x64
		{DBB546F4-FE2E-4237-A961-7DC243BC9142}.Debug|x86.ActiveCfg = Debug|Win32
		{DBB546F4-FE2E-4237-A961-7DC243BC9142}.Debug|x86.Build.0 = Debug|Win32
		{DBB546F4-FE2E-4237-A961-7DC243BC9142}.Release|x64.ActiveCfg = Release|x64
		{DBB546F4-FE2E-4237-A961-7DC243BC9142}.Release|x64.Build.0 = Release|x64
		{DBB546F4-FE2E-4237-A961-7DC243BC9142}.Release|x86.ActiveCfg = Release|Win32
		{DBB546F4-FE2E-4237-A961-7DC243BC9142}.Release|x86.Build.0 = Release|Win32
	EndGlobalSection
	GlobalSection(SolutionProperties) = preSolution
		HideSolutionNode = FALSE
	EndGlobalSection
	GlobalSection(ExtensibilityGlobals) = postSolution
		SolutionGuid = {F5AD01D5-5ECC-4965-BDA2-FE8F4D68FBE7}
	EndGlobalSection
EndGlobal
