
Microsoft Visual Studio Solution File, Format Version 12.00
# Visual Studio Version 17
VisualStudioVersion = 17.9.34902.65
MinimumVisualStudioVersion = 10.0.40219.1
Project("{8BC9CEB8-8B4A-11D0-8D11-00A0C91BC942}") = "조이스틱", "조이스틱\조이스틱.vcxproj", "{CBE9EA56-7A49-4B7C-94C1-F50359A1109D}"
EndProject
Global
	GlobalSection(SolutionConfigurationPlatforms) = preSolution
		Debug|x64 = Debug|x64
		Debug|x86 = Debug|x86
		Release|x64 = Release|x64
		Release|x86 = Release|x86
	EndGlobalSection
	GlobalSection(ProjectConfigurationPlatforms) = postSolution
		{CBE9EA56-7A49-4B7C-94C1-F50359A1109D}.Debug|x64.ActiveCfg = Debug|x64
		{CBE9EA56-7A49-4B7C-94C1-F50359A1109D}.Debug|x64.Build.0 = Debug|x64
		{CBE9EA56-7A49-4B7C-94C1-F50359A1109D}.Debug|x86.ActiveCfg = Debug|Win32
		{CBE9EA56-7A49-4B7C-94C1-F50359A1109D}.Debug|x86.Build.0 = Debug|Win32
		{CBE9EA56-7A49-4B7C-94C1-F50359A1109D}.Release|x64.ActiveCfg = Release|x64
		{CBE9EA56-7A49-4B7C-94C1-F50359A1109D}.Release|x64.Build.0 = Release|x64
		{CBE9EA56-7A49-4B7C-94C1-F50359A1109D}.Release|x86.ActiveCfg = Release|Win32
		{CBE9EA56-7A49-4B7C-94C1-F50359A1109D}.Release|x86.Build.0 = Release|Win32
	EndGlobalSection
	GlobalSection(SolutionProperties) = preSolution
		HideSolutionNode = FALSE
	EndGlobalSection
	GlobalSection(ExtensibilityGlobals) = postSolution
		SolutionGuid = {75F44597-2BA3-4148-B914-032EA1F60768}
	EndGlobalSection
EndGlobal
