
Microsoft Visual Studio Solution File, Format Version 12.00
# Visual Studio Version 17
VisualStudioVersion = 17.11.35327.3
MinimumVisualStudioVersion = 10.0.40219.1
Project("{8BC9CEB8-8B4A-11D0-8D11-00A0C91BC942}") = "5639", "5639\5639.vcxproj", "{B0B48190-454A-4843-A48B-5A2627C1D976}"
EndProject
Global
	GlobalSection(SolutionConfigurationPlatforms) = preSolution
		Debug|x64 = Debug|x64
		Debug|x86 = Debug|x86
		Release|x64 = Release|x64
		Release|x86 = Release|x86
	EndGlobalSection
	GlobalSection(ProjectConfigurationPlatforms) = postSolution
		{B0B48190-454A-4843-A48B-5A2627C1D976}.Debug|x64.ActiveCfg = Debug|x64
		{B0B48190-454A-4843-A48B-5A2627C1D976}.Debug|x64.Build.0 = Debug|x64
		{B0B48190-454A-4843-A48B-5A2627C1D976}.Debug|x86.ActiveCfg = Debug|Win32
		{B0B48190-454A-4843-A48B-5A2627C1D976}.Debug|x86.Build.0 = Debug|Win32
		{B0B48190-454A-4843-A48B-5A2627C1D976}.Release|x64.ActiveCfg = Release|x64
		{B0B48190-454A-4843-A48B-5A2627C1D976}.Release|x64.Build.0 = Release|x64
		{B0B48190-454A-4843-A48B-5A2627C1D976}.Release|x86.ActiveCfg = Release|Win32
		{B0B48190-454A-4843-A48B-5A2627C1D976}.Release|x86.Build.0 = Release|Win32
	EndGlobalSection
	GlobalSection(SolutionProperties) = preSolution
		HideSolutionNode = FALSE
	EndGlobalSection
	GlobalSection(ExtensibilityGlobals) = postSolution
		SolutionGuid = {75D54CD4-04FD-40D5-B71A-57101F7FA5B5}
	EndGlobalSection
EndGlobal
