
Microsoft Visual Studio Solution File, Format Version 12.00
# Visual Studio Version 17
VisualStudioVersion = 17.9.34902.65
MinimumVisualStudioVersion = 10.0.40219.1
Project("{8BC9CEB8-8B4A-11D0-8D11-00A0C91BC942}") = "11758", "11758\11758.vcxproj", "{B8511F81-C5A4-45A3-8C1B-296BC664111A}"
EndProject
Global
	GlobalSection(SolutionConfigurationPlatforms) = preSolution
		Debug|x64 = Debug|x64
		Debug|x86 = Debug|x86
		Release|x64 = Release|x64
		Release|x86 = Release|x86
	EndGlobalSection
	GlobalSection(ProjectConfigurationPlatforms) = postSolution
		{B8511F81-C5A4-45A3-8C1B-296BC664111A}.Debug|x64.ActiveCfg = Debug|x64
		{B8511F81-C5A4-45A3-8C1B-296BC664111A}.Debug|x64.Build.0 = Debug|x64
		{B8511F81-C5A4-45A3-8C1B-296BC664111A}.Debug|x86.ActiveCfg = Debug|Win32
		{B8511F81-C5A4-45A3-8C1B-296BC664111A}.Debug|x86.Build.0 = Debug|Win32
		{B8511F81-C5A4-45A3-8C1B-296BC664111A}.Release|x64.ActiveCfg = Release|x64
		{B8511F81-C5A4-45A3-8C1B-296BC664111A}.Release|x64.Build.0 = Release|x64
		{B8511F81-C5A4-45A3-8C1B-296BC664111A}.Release|x86.ActiveCfg = Release|Win32
		{B8511F81-C5A4-45A3-8C1B-296BC664111A}.Release|x86.Build.0 = Release|Win32
	EndGlobalSection
	GlobalSection(SolutionProperties) = preSolution
		HideSolutionNode = FALSE
	EndGlobalSection
	GlobalSection(ExtensibilityGlobals) = postSolution
		SolutionGuid = {2538CF23-AA46-489A-8C9D-9A17B553E56C}
	EndGlobalSection
EndGlobal
