
Microsoft Visual Studio Solution File, Format Version 12.00
# Visual Studio Version 17
VisualStudioVersion = 17.9.34902.65
MinimumVisualStudioVersion = 10.0.40219.1
Project("{8BC9CEB8-8B4A-11D0-8D11-00A0C91BC942}") = "의상", "의상\의상.vcxproj", "{39052E3F-F7F8-457E-9E2F-AB08C7E17DFB}"
EndProject
Global
	GlobalSection(SolutionConfigurationPlatforms) = preSolution
		Debug|x64 = Debug|x64
		Debug|x86 = Debug|x86
		Release|x64 = Release|x64
		Release|x86 = Release|x86
	EndGlobalSection
	GlobalSection(ProjectConfigurationPlatforms) = postSolution
		{39052E3F-F7F8-457E-9E2F-AB08C7E17DFB}.Debug|x64.ActiveCfg = Debug|x64
		{39052E3F-F7F8-457E-9E2F-AB08C7E17DFB}.Debug|x64.Build.0 = Debug|x64
		{39052E3F-F7F8-457E-9E2F-AB08C7E17DFB}.Debug|x86.ActiveCfg = Debug|Win32
		{39052E3F-F7F8-457E-9E2F-AB08C7E17DFB}.Debug|x86.Build.0 = Debug|Win32
		{39052E3F-F7F8-457E-9E2F-AB08C7E17DFB}.Release|x64.ActiveCfg = Release|x64
		{39052E3F-F7F8-457E-9E2F-AB08C7E17DFB}.Release|x64.Build.0 = Release|x64
		{39052E3F-F7F8-457E-9E2F-AB08C7E17DFB}.Release|x86.ActiveCfg = Release|Win32
		{39052E3F-F7F8-457E-9E2F-AB08C7E17DFB}.Release|x86.Build.0 = Release|Win32
	EndGlobalSection
	GlobalSection(SolutionProperties) = preSolution
		HideSolutionNode = FALSE
	EndGlobalSection
	GlobalSection(ExtensibilityGlobals) = postSolution
		SolutionGuid = {80EFDC98-23EA-4A2D-AB16-6942BAD17DE3}
	EndGlobalSection
EndGlobal
